
Microsoft Visual Studio Solution File, Format Version 12.00
# Visual Studio Version 17
VisualStudioVersion = 17.0.31903.59
MinimumVisualStudioVersion = 10.0.40219.1
Project("{9A19103F-16F7-4668-BE54-9A1E7A4F7556}") = "DuzceUni.Entity", "DuzceUni.Entity\DuzceUni.Entity.csproj", "{53EA3D04-23D2-4D69-BFA3-C1B9496D15D6}"
EndProject
Project("{9A19103F-16F7-4668-BE54-9A1E7A4F7556}") = "DuzceUni.DataAccess", "DuzceUni.DataAccess\DuzceUni.DataAccess.csproj", "{E48FEC9C-4865-4061-AE4D-75F67961BE9E}"
EndProject
Project("{9A19103F-16F7-4668-BE54-9A1E7A4F7556}") = "DuzceUni.Business", "DuzceUni.Business\DuzceUni.Business.csproj", "{4C414FA1-8A9A-4332-8080-6878EBB9626A}"
EndProject
Project("{9A19103F-16F7-4668-BE54-9A1E7A4F7556}") = "DuzceUni.UI", "DuzceUni.UI\DuzceUni.UI.csproj", "{C9E976E9-26CC-421F-ACD0-D610C56623EF}"
EndProject
Project("{9A19103F-16F7-4668-BE54-9A1E7A4F7556}") = "DuzceUni.Core", "DuzceUni.Core\DuzceUni.Core.csproj", "{F78450B2-660B-4466-A448-20F4E16FF099}"
EndProject
Global
	GlobalSection(SolutionConfigurationPlatforms) = preSolution
		Debug|Any CPU = Debug|Any CPU
		Release|Any CPU = Release|Any CPU
	EndGlobalSection
	GlobalSection(ProjectConfigurationPlatforms) = postSolution
		{53EA3D04-23D2-4D69-BFA3-C1B9496D15D6}.Debug|Any CPU.ActiveCfg = Debug|Any CPU
		{53EA3D04-23D2-4D69-BFA3-C1B9496D15D6}.Debug|Any CPU.Build.0 = Debug|Any CPU
		{53EA3D04-23D2-4D69-BFA3-C1B9496D15D6}.Release|Any CPU.ActiveCfg = Release|Any CPU
		{53EA3D04-23D2-4D69-BFA3-C1B9496D15D6}.Release|Any CPU.Build.0 = Release|Any CPU
		{E48FEC9C-4865-4061-AE4D-75F67961BE9E}.Debug|Any CPU.ActiveCfg = Debug|Any CPU
		{E48FEC9C-4865-4061-AE4D-75F67961BE9E}.Debug|Any CPU.Build.0 = Debug|Any CPU
		{E48FEC9C-4865-4061-AE4D-75F67961BE9E}.Release|Any CPU.ActiveCfg = Release|Any CPU
		{E48FEC9C-4865-4061-AE4D-75F67961BE9E}.Release|Any CPU.Build.0 = Release|Any CPU
		{4C414FA1-8A9A-4332-8080-6878EBB9626A}.Debug|Any CPU.ActiveCfg = Debug|Any CPU
		{4C414FA1-8A9A-4332-8080-6878EBB9626A}.Debug|Any CPU.Build.0 = Debug|Any CPU
		{4C414FA1-8A9A-4332-8080-6878EBB9626A}.Release|Any CPU.ActiveCfg = Release|Any CPU
		{4C414FA1-8A9A-4332-8080-6878EBB9626A}.Release|Any CPU.Build.0 = Release|Any CPU
		{C9E976E9-26CC-421F-ACD0-D610C56623EF}.Debug|Any CPU.ActiveCfg = Debug|Any CPU
		{C9E976E9-26CC-421F-ACD0-D610C56623EF}.Debug|Any CPU.Build.0 = Debug|Any CPU
		{C9E976E9-26CC-421F-ACD0-D610C56623EF}.Release|Any CPU.ActiveCfg = Release|Any CPU
		{C9E976E9-26CC-421F-ACD0-D610C56623EF}.Release|Any CPU.Build.0 = Release|Any CPU
		{F78450B2-660B-4466-A448-20F4E16FF099}.Debug|Any CPU.ActiveCfg = Debug|Any CPU
		{F78450B2-660B-4466-A448-20F4E16FF099}.Debug|Any CPU.Build.0 = Debug|Any CPU
		{F78450B2-660B-4466-A448-20F4E16FF099}.Release|Any CPU.ActiveCfg = Release|Any CPU
		{F78450B2-660B-4466-A448-20F4E16FF099}.Release|Any CPU.Build.0 = Release|Any CPU
	EndGlobalSection
	GlobalSection(SolutionProperties) = preSolution
		HideSolutionNode = FALSE
	EndGlobalSection
	GlobalSection(ExtensibilityGlobals) = postSolution
		SolutionGuid = {F6BC8799-247D-4700-A89F-32B673880704}
	EndGlobalSection
EndGlobal
